
Microsoft Visual Studio Solution File, Format Version 12.00
# Visual Studio Version 17
VisualStudioVersion = 17.14.36623.8 d17.14
MinimumVisualStudioVersion = 10.0.40219.1
Project("{FAE04EC0-301F-11D3-BF4B-00C04F79EFBC}") = "WebServerMVCv2", "WebServerMCVv2\WebServerMVCv2.csproj", "{A21D2DE5-0AC9-4F9A-B91B-75A4B29E4F88}"
EndProject
Global
	GlobalSection(SolutionConfigurationPlatforms) = preSolution
		Debug|Any CPU = Debug|Any CPU
		Release|Any CPU = Release|Any CPU
	EndGlobalSection
	GlobalSection(ProjectConfigurationPlatforms) = postSolution
		{A21D2DE5-0AC9-4F9A-B91B-75A4B29E4F88}.Debug|Any CPU.ActiveCfg = Debug|Any CPU
		{A21D2DE5-0AC9-4F9A-B91B-75A4B29E4F88}.Debug|Any CPU.Build.0 = Debug|Any CPU
		{A21D2DE5-0AC9-4F9A-B91B-75A4B29E4F88}.Release|Any CPU.ActiveCfg = Release|Any CPU
		{A21D2DE5-0AC9-4F9A-B91B-75A4B29E4F88}.Release|Any CPU.Build.0 = Release|Any CPU
	EndGlobalSection
	GlobalSection(SolutionProperties) = preSolution
		HideSolutionNode = FALSE
	EndGlobalSection
	GlobalSection(ExtensibilityGlobals) = postSolution
		SolutionGuid = {E45C34BB-355D-4763-9A46-D95C9EC4BED0}
	EndGlobalSection
EndGlobal
